
Microsoft Visual Studio Solution File, Format Version 12.00
# Visual Studio Version 17
VisualStudioVersion = 17.14.36221.1 d17.14
MinimumVisualStudioVersion = 10.0.40219.1
Project("{FAE04EC0-301F-11D3-BF4B-00C04F79EFBC}") = "Calculator", "Calculator\Calculator.csproj", "{B1BD1883-723F-4EF3-B8C8-151CFC646074}"
EndProject
Project("{FAE04EC0-301F-11D3-BF4B-00C04F79EFBC}") = "Calculator.Core", "Calculator.Core\Calculator.Core.csproj", "{F31A1097-D832-434D-A3E9-4D1CFAF991C5}"
EndProject
Global
	GlobalSection(SolutionConfigurationPlatforms) = preSolution
		Debug|Any CPU = Debug|Any CPU
		Release|Any CPU = Release|Any CPU
	EndGlobalSection
	GlobalSection(ProjectConfigurationPlatforms) = postSolution
		{B1BD1883-723F-4EF3-B8C8-151CFC646074}.Debug|Any CPU.ActiveCfg = Debug|Any CPU
		{B1BD1883-723F-4EF3-B8C8-151CFC646074}.Debug|Any CPU.Build.0 = Debug|Any CPU
		{B1BD1883-723F-4EF3-B8C8-151CFC646074}.Release|Any CPU.ActiveCfg = Release|Any CPU
		{B1BD1883-723F-4EF3-B8C8-151CFC646074}.Release|Any CPU.Build.0 = Release|Any CPU
		{F31A1097-D832-434D-A3E9-4D1CFAF991C5}.Debug|Any CPU.ActiveCfg = Debug|Any CPU
		{F31A1097-D832-434D-A3E9-4D1CFAF991C5}.Debug|Any CPU.Build.0 = Debug|Any CPU
		{F31A1097-D832-434D-A3E9-4D1CFAF991C5}.Release|Any CPU.ActiveCfg = Release|Any CPU
		{F31A1097-D832-434D-A3E9-4D1CFAF991C5}.Release|Any CPU.Build.0 = Release|Any CPU
	EndGlobalSection
	GlobalSection(SolutionProperties) = preSolution
		HideSolutionNode = FALSE
	EndGlobalSection
	GlobalSection(ExtensibilityGlobals) = postSolution
		SolutionGuid = {37D432A1-3000-495B-8EB6-84D435616475}
	EndGlobalSection
EndGlobal
